
Microsoft Visual Studio Solution File, Format Version 12.00
# Visual Studio 14
VisualStudioVersion = 14.0.24720.0
MinimumVisualStudioVersion = 10.0.40219.1
Project("{FAE04EC0-301F-11D3-BF4B-00C04F79EFBC}") = "XLog", "XLog\XLog.csproj", "{92855D98-B566-49D3-AD3F-5B751472A7B5}"
EndProject
Project("{FAE04EC0-301F-11D3-BF4B-00C04F79EFBC}") = "XLog.NET", "XLog.NET\XLog.NET.csproj", "{4C41451A-1D66-469A-AE1F-ACDA0E98F0F1}"
EndProject
Project("{2150E333-8FDC-42A3-9474-1A3956D46DE8}") = "Sample", "Sample", "{6F14265B-0D58-4FDC-86DA-1FD0082D7201}"
EndProject
Project("{FAE04EC0-301F-11D3-BF4B-00C04F79EFBC}") = "XLog.Sample.WP8", "XLog.Sample.WP8\XLog.Sample.WP8.csproj", "{DA547473-9DFD-405E-AAAD-50A3EB25E602}"
EndProject
Project("{FAE04EC0-301F-11D3-BF4B-00C04F79EFBC}") = "XLog.Sample.Android", "XLog.Sample.Android\XLog.Sample.Android.csproj", "{2DEF81F7-CED9-4E24-9BC8-EE5E83C7AC7F}"
EndProject
Project("{FAE04EC0-301F-11D3-BF4B-00C04F79EFBC}") = "XLog.WP8", "XLog.WP8\XLog.WP8.csproj", "{9ED05095-A668-4B29-B5EE-959E2DBA126F}"
EndProject
Project("{FAE04EC0-301F-11D3-BF4B-00C04F79EFBC}") = "XLog.Sample.Console", "XLog.Sample.Console\XLog.Sample.Console.csproj", "{587F8659-A68D-4AB3-B130-0A8B094DDA06}"
EndProject
Project("{FAE04EC0-301F-11D3-BF4B-00C04F79EFBC}") = "XLog.Android", "XLog.Android\XLog.Android.csproj", "{FBAF5B35-CA98-456E-BA94-42FF596441DA}"
EndProject
Project("{FAE04EC0-301F-11D3-BF4B-00C04F79EFBC}") = "XLog.Sample.Winforms", "XLog.Sample.Winforms\XLog.Sample.Winforms.csproj", "{8E3B6FA2-7E98-45F8-A585-BCA91CEB9FE8}"
EndProject
Project("{FAE04EC0-301F-11D3-BF4B-00C04F79EFBC}") = "XLog.W10", "XLog.W10\XLog.W10.csproj", "{0A6EA82E-D234-4CCB-B53D-0290B2A81954}"
EndProject
Project("{FAE04EC0-301F-11D3-BF4B-00C04F79EFBC}") = "XLog.iOS", "XLog.iOS\XLog.iOS.csproj", "{A49D6ACA-2C6E-486B-8432-E3271EB8374C}"
EndProject
Project("{FAE04EC0-301F-11D3-BF4B-00C04F79EFBC}") = "XLog.Sample.W10", "XLog.Sample.W10\XLog.Sample.W10.csproj", "{4566BD32-0C9D-4F05-80AB-5958686968B7}"
EndProject
Project("{FAE04EC0-301F-11D3-BF4B-00C04F79EFBC}") = "NLog.Sample.Console", "NLog.Sample.Console\NLog.Sample.Console.csproj", "{25474C03-15E8-4039-AACA-21EB3D9AB06D}"
EndProject
Project("{FAE04EC0-301F-11D3-BF4B-00C04F79EFBC}") = "XLog.Unity", "XLog.Unity\XLog.Unity.csproj", "{76A11647-5548-4334-B038-15F251F749DD}"
EndProject
Project("{FAE04EC0-301F-11D3-BF4B-00C04F79EFBC}") = "XLog.Mac", "XLog.Mac\XLog.Mac.csproj", "{091D470F-DFBE-4A5F-AF95-EBCE76137421}"
EndProject
Global
	GlobalSection(SolutionConfigurationPlatforms) = preSolution
		Debug|Any CPU = Debug|Any CPU
		Debug|ARM = Debug|ARM
		Debug|x64 = Debug|x64
		Debug|x86 = Debug|x86
		Release|Any CPU = Release|Any CPU
		Release|ARM = Release|ARM
		Release|x64 = Release|x64
		Release|x86 = Release|x86
	EndGlobalSection
	GlobalSection(ProjectConfigurationPlatforms) = postSolution
		{92855D98-B566-49D3-AD3F-5B751472A7B5}.Debug|Any CPU.ActiveCfg = Debug|Any CPU
		{92855D98-B566-49D3-AD3F-5B751472A7B5}.Debug|Any CPU.Build.0 = Debug|Any CPU
		{92855D98-B566-49D3-AD3F-5B751472A7B5}.Debug|ARM.ActiveCfg = Debug|Any CPU
		{92855D98-B566-49D3-AD3F-5B751472A7B5}.Debug|ARM.Build.0 = Debug|Any CPU
		{92855D98-B566-49D3-AD3F-5B751472A7B5}.Debug|x64.ActiveCfg = Debug|Any CPU
		{92855D98-B566-49D3-AD3F-5B751472A7B5}.Debug|x64.Build.0 = Debug|Any CPU
		{92855D98-B566-49D3-AD3F-5B751472A7B5}.Debug|x86.ActiveCfg = Debug|Any CPU
		{92855D98-B566-49D3-AD3F-5B751472A7B5}.Debug|x86.Build.0 = Debug|Any CPU
		{92855D98-B566-49D3-AD3F-5B751472A7B5}.Release|Any CPU.ActiveCfg = Release|Any CPU
		{92855D98-B566-49D3-AD3F-5B751472A7B5}.Release|Any CPU.Build.0 = Release|Any CPU
		{92855D98-B566-49D3-AD3F-5B751472A7B5}.Release|ARM.ActiveCfg = Release|Any CPU
		{92855D98-B566-49D3-AD3F-5B751472A7B5}.Release|ARM.Build.0 = Release|Any CPU
		{92855D98-B566-49D3-AD3F-5B751472A7B5}.Release|x64.ActiveCfg = Release|Any CPU
		{92855D98-B566-49D3-AD3F-5B751472A7B5}.Release|x64.Build.0 = Release|Any CPU
		{92855D98-B566-49D3-AD3F-5B751472A7B5}.Release|x86.ActiveCfg = Release|Any CPU
		{92855D98-B566-49D3-AD3F-5B751472A7B5}.Release|x86.Build.0 = Release|Any CPU
		{4C41451A-1D66-469A-AE1F-ACDA0E98F0F1}.Debug|Any CPU.ActiveCfg = Debug|Any CPU
		{4C41451A-1D66-469A-AE1F-ACDA0E98F0F1}.Debug|Any CPU.Build.0 = Debug|Any CPU
		{4C41451A-1D66-469A-AE1F-ACDA0E98F0F1}.Debug|ARM.ActiveCfg = Debug|Any CPU
		{4C41451A-1D66-469A-AE1F-ACDA0E98F0F1}.Debug|ARM.Build.0 = Debug|Any CPU
		{4C41451A-1D66-469A-AE1F-ACDA0E98F0F1}.Debug|x64.ActiveCfg = Debug|Any CPU
		{4C41451A-1D66-469A-AE1F-ACDA0E98F0F1}.Debug|x64.Build.0 = Debug|Any CPU
		{4C41451A-1D66-469A-AE1F-ACDA0E98F0F1}.Debug|x86.ActiveCfg = Debug|Any CPU
		{4C41451A-1D66-469A-AE1F-ACDA0E98F0F1}.Debug|x86.Build.0 = Debug|Any CPU
		{4C41451A-1D66-469A-AE1F-ACDA0E98F0F1}.Release|Any CPU.ActiveCfg = Release|Any CPU
		{4C41451A-1D66-469A-AE1F-ACDA0E98F0F1}.Release|Any CPU.Build.0 = Release|Any CPU
		{4C41451A-1D66-469A-AE1F-ACDA0E98F0F1}.Release|ARM.ActiveCfg = Release|Any CPU
		{4C41451A-1D66-469A-AE1F-ACDA0E98F0F1}.Release|ARM.Build.0 = Release|Any CPU
		{4C41451A-1D66-469A-AE1F-ACDA0E98F0F1}.Release|x64.ActiveCfg = Release|Any CPU
		{4C41451A-1D66-469A-AE1F-ACDA0E98F0F1}.Release|x64.Build.0 = Release|Any CPU
		{4C41451A-1D66-469A-AE1F-ACDA0E98F0F1}.Release|x86.ActiveCfg = Release|Any CPU
		{4C41451A-1D66-469A-AE1F-ACDA0E98F0F1}.Release|x86.Build.0 = Release|Any CPU
		{DA547473-9DFD-405E-AAAD-50A3EB25E602}.Debug|Any CPU.ActiveCfg = Debug|Any CPU
		{DA547473-9DFD-405E-AAAD-50A3EB25E602}.Debug|Any CPU.Build.0 = Debug|Any CPU
		{DA547473-9DFD-405E-AAAD-50A3EB25E602}.Debug|Any CPU.Deploy.0 = Debug|Any CPU
		{DA547473-9DFD-405E-AAAD-50A3EB25E602}.Debug|ARM.ActiveCfg = Debug|ARM
		{DA547473-9DFD-405E-AAAD-50A3EB25E602}.Debug|ARM.Build.0 = Debug|ARM
		{DA547473-9DFD-405E-AAAD-50A3EB25E602}.Debug|ARM.Deploy.0 = Debug|ARM
		{DA547473-9DFD-405E-AAAD-50A3EB25E602}.Debug|x64.ActiveCfg = Debug|Any CPU
		{DA547473-9DFD-405E-AAAD-50A3EB25E602}.Debug|x64.Build.0 = Debug|Any CPU
		{DA547473-9DFD-405E-AAAD-50A3EB25E602}.Debug|x64.Deploy.0 = Debug|Any CPU
		{DA547473-9DFD-405E-AAAD-50A3EB25E602}.Debug|x86.ActiveCfg = Debug|x86
		{DA547473-9DFD-405E-AAAD-50A3EB25E602}.Debug|x86.Build.0 = Debug|x86
		{DA547473-9DFD-405E-AAAD-50A3EB25E602}.Debug|x86.Deploy.0 = Debug|x86
		{DA547473-9DFD-405E-AAAD-50A3EB25E602}.Release|Any CPU.ActiveCfg = Release|Any CPU
		{DA547473-9DFD-405E-AAAD-50A3EB25E602}.Release|Any CPU.Build.0 = Release|Any CPU
		{DA547473-9DFD-405E-AAAD-50A3EB25E602}.Release|Any CPU.Deploy.0 = Release|Any CPU
		{DA547473-9DFD-405E-AAAD-50A3EB25E602}.Release|ARM.ActiveCfg = Release|ARM
		{DA547473-9DFD-405E-AAAD-50A3EB25E602}.Release|ARM.Build.0 = Release|ARM
		{DA547473-9DFD-405E-AAAD-50A3EB25E602}.Release|ARM.Deploy.0 = Release|ARM
		{DA547473-9DFD-405E-AAAD-50A3EB25E602}.Release|x64.ActiveCfg = Release|Any CPU
		{DA547473-9DFD-405E-AAAD-50A3EB25E602}.Release|x64.Build.0 = Release|Any CPU
		{DA547473-9DFD-405E-AAAD-50A3EB25E602}.Release|x64.Deploy.0 = Release|Any CPU
		{DA547473-9DFD-405E-AAAD-50A3EB25E602}.Release|x86.ActiveCfg = Release|x86
		{DA547473-9DFD-405E-AAAD-50A3EB25E602}.Release|x86.Build.0 = Release|x86
		{DA547473-9DFD-405E-AAAD-50A3EB25E602}.Release|x86.Deploy.0 = Release|x86
		{2DEF81F7-CED9-4E24-9BC8-EE5E83C7AC7F}.Debug|Any CPU.ActiveCfg = Debug|Any CPU
		{2DEF81F7-CED9-4E24-9BC8-EE5E83C7AC7F}.Debug|Any CPU.Build.0 = Debug|Any CPU
		{2DEF81F7-CED9-4E24-9BC8-EE5E83C7AC7F}.Debug|Any CPU.Deploy.0 = Debug|Any CPU
		{2DEF81F7-CED9-4E24-9BC8-EE5E83C7AC7F}.Debug|ARM.ActiveCfg = Debug|Any CPU
		{2DEF81F7-CED9-4E24-9BC8-EE5E83C7AC7F}.Debug|ARM.Build.0 = Debug|Any CPU
		{2DEF81F7-CED9-4E24-9BC8-EE5E83C7AC7F}.Debug|ARM.Deploy.0 = Debug|Any CPU
		{2DEF81F7-CED9-4E24-9BC8-EE5E83C7AC7F}.Debug|x64.ActiveCfg = Debug|Any CPU
		{2DEF81F7-CED9-4E24-9BC8-EE5E83C7AC7F}.Debug|x86.ActiveCfg = Debug|Any CPU
		{2DEF81F7-CED9-4E24-9BC8-EE5E83C7AC7F}.Debug|x86.Build.0 = Debug|Any CPU
		{2DEF81F7-CED9-4E24-9BC8-EE5E83C7AC7F}.Debug|x86.Deploy.0 = Debug|Any CPU
		{2DEF81F7-CED9-4E24-9BC8-EE5E83C7AC7F}.Release|Any CPU.ActiveCfg = Release|Any CPU
		{2DEF81F7-CED9-4E24-9BC8-EE5E83C7AC7F}.Release|Any CPU.Build.0 = Release|Any CPU
		{2DEF81F7-CED9-4E24-9BC8-EE5E83C7AC7F}.Release|Any CPU.Deploy.0 = Release|Any CPU
		{2DEF81F7-CED9-4E24-9BC8-EE5E83C7AC7F}.Release|ARM.ActiveCfg = Release|Any CPU
		{2DEF81F7-CED9-4E24-9BC8-EE5E83C7AC7F}.Release|ARM.Build.0 = Release|Any CPU
		{2DEF81F7-CED9-4E24-9BC8-EE5E83C7AC7F}.Release|ARM.Deploy.0 = Release|Any CPU
		{2DEF81F7-CED9-4E24-9BC8-EE5E83C7AC7F}.Release|x64.ActiveCfg = Release|Any CPU
		{2DEF81F7-CED9-4E24-9BC8-EE5E83C7AC7F}.Release|x86.ActiveCfg = Release|Any CPU
		{2DEF81F7-CED9-4E24-9BC8-EE5E83C7AC7F}.Release|x86.Build.0 = Release|Any CPU
		{2DEF81F7-CED9-4E24-9BC8-EE5E83C7AC7F}.Release|x86.Deploy.0 = Release|Any CPU
		{9ED05095-A668-4B29-B5EE-959E2DBA126F}.Debug|Any CPU.ActiveCfg = Debug|Any CPU
		{9ED05095-A668-4B29-B5EE-959E2DBA126F}.Debug|Any CPU.Build.0 = Debug|Any CPU
		{9ED05095-A668-4B29-B5EE-959E2DBA126F}.Debug|ARM.ActiveCfg = Debug|ARM
		{9ED05095-A668-4B29-B5EE-959E2DBA126F}.Debug|ARM.Build.0 = Debug|ARM
		{9ED05095-A668-4B29-B5EE-959E2DBA126F}.Debug|x64.ActiveCfg = Debug|Any CPU
		{9ED05095-A668-4B29-B5EE-959E2DBA126F}.Debug|x64.Build.0 = Debug|Any CPU
		{9ED05095-A668-4B29-B5EE-959E2DBA126F}.Debug|x86.ActiveCfg = Debug|x86
		{9ED05095-A668-4B29-B5EE-959E2DBA126F}.Debug|x86.Build.0 = Debug|x86
		{9ED05095-A668-4B29-B5EE-959E2DBA126F}.Release|Any CPU.ActiveCfg = Release|Any CPU
		{9ED05095-A668-4B29-B5EE-959E2DBA126F}.Release|Any CPU.Build.0 = Release|Any CPU
		{9ED05095-A668-4B29-B5EE-959E2DBA126F}.Release|ARM.ActiveCfg = Release|ARM
		{9ED05095-A668-4B29-B5EE-959E2DBA126F}.Release|ARM.Build.0 = Release|ARM
		{9ED05095-A668-4B29-B5EE-959E2DBA126F}.Release|x64.ActiveCfg = Release|Any CPU
		{9ED05095-A668-4B29-B5EE-959E2DBA126F}.Release|x64.Build.0 = Release|Any CPU
		{9ED05095-A668-4B29-B5EE-959E2DBA126F}.Release|x86.ActiveCfg = Release|x86
		{9ED05095-A668-4B29-B5EE-959E2DBA126F}.Release|x86.Build.0 = Release|x86
		{587F8659-A68D-4AB3-B130-0A8B094DDA06}.Debug|Any CPU.ActiveCfg = Debug|Any CPU
		{587F8659-A68D-4AB3-B130-0A8B094DDA06}.Debug|Any CPU.Build.0 = Debug|Any CPU
		{587F8659-A68D-4AB3-B130-0A8B094DDA06}.Debug|ARM.ActiveCfg = Debug|Any CPU
		{587F8659-A68D-4AB3-B130-0A8B094DDA06}.Debug|x64.ActiveCfg = Debug|Any CPU
		{587F8659-A68D-4AB3-B130-0A8B094DDA06}.Debug|x64.Build.0 = Debug|Any CPU
		{587F8659-A68D-4AB3-B130-0A8B094DDA06}.Debug|x86.ActiveCfg = Debug|Any CPU
		{587F8659-A68D-4AB3-B130-0A8B094DDA06}.Debug|x86.Build.0 = Debug|Any CPU
		{587F8659-A68D-4AB3-B130-0A8B094DDA06}.Release|Any CPU.ActiveCfg = Release|Any CPU
		{587F8659-A68D-4AB3-B130-0A8B094DDA06}.Release|Any CPU.Build.0 = Release|Any CPU
		{587F8659-A68D-4AB3-B130-0A8B094DDA06}.Release|ARM.ActiveCfg = Release|Any CPU
		{587F8659-A68D-4AB3-B130-0A8B094DDA06}.Release|x64.ActiveCfg = Release|Any CPU
		{587F8659-A68D-4AB3-B130-0A8B094DDA06}.Release|x64.Build.0 = Release|Any CPU
		{587F8659-A68D-4AB3-B130-0A8B094DDA06}.Release|x86.ActiveCfg = Release|Any CPU
		{FBAF5B35-CA98-456E-BA94-42FF596441DA}.Debug|Any CPU.ActiveCfg = Debug|Any CPU
		{FBAF5B35-CA98-456E-BA94-42FF596441DA}.Debug|Any CPU.Build.0 = Debug|Any CPU
		{FBAF5B35-CA98-456E-BA94-42FF596441DA}.Debug|ARM.ActiveCfg = Debug|Any CPU
		{FBAF5B35-CA98-456E-BA94-42FF596441DA}.Debug|x64.ActiveCfg = Debug|Any CPU
		{FBAF5B35-CA98-456E-BA94-42FF596441DA}.Debug|x86.ActiveCfg = Debug|Any CPU
		{FBAF5B35-CA98-456E-BA94-42FF596441DA}.Release|Any CPU.ActiveCfg = Release|Any CPU
		{FBAF5B35-CA98-456E-BA94-42FF596441DA}.Release|Any CPU.Build.0 = Release|Any CPU
		{FBAF5B35-CA98-456E-BA94-42FF596441DA}.Release|ARM.ActiveCfg = Release|Any CPU
		{FBAF5B35-CA98-456E-BA94-42FF596441DA}.Release|x64.ActiveCfg = Release|Any CPU
		{FBAF5B35-CA98-456E-BA94-42FF596441DA}.Release|x86.ActiveCfg = Release|Any CPU
		{8E3B6FA2-7E98-45F8-A585-BCA91CEB9FE8}.Debug|Any CPU.ActiveCfg = Debug|Any CPU
		{8E3B6FA2-7E98-45F8-A585-BCA91CEB9FE8}.Debug|Any CPU.Build.0 = Debug|Any CPU
		{8E3B6FA2-7E98-45F8-A585-BCA91CEB9FE8}.Debug|ARM.ActiveCfg = Debug|Any CPU
		{8E3B6FA2-7E98-45F8-A585-BCA91CEB9FE8}.Debug|x64.ActiveCfg = Debug|Any CPU
		{8E3B6FA2-7E98-45F8-A585-BCA91CEB9FE8}.Debug|x64.Build.0 = Debug|Any CPU
		{8E3B6FA2-7E98-45F8-A585-BCA91CEB9FE8}.Debug|x86.ActiveCfg = Debug|Any CPU
		{8E3B6FA2-7E98-45F8-A585-BCA91CEB9FE8}.Debug|x86.Build.0 = Debug|Any CPU
		{8E3B6FA2-7E98-45F8-A585-BCA91CEB9FE8}.Release|Any CPU.ActiveCfg = Release|Any CPU
		{8E3B6FA2-7E98-45F8-A585-BCA91CEB9FE8}.Release|Any CPU.Build.0 = Release|Any CPU
		{8E3B6FA2-7E98-45F8-A585-BCA91CEB9FE8}.Release|ARM.ActiveCfg = Release|Any CPU
		{8E3B6FA2-7E98-45F8-A585-BCA91CEB9FE8}.Release|x64.ActiveCfg = Release|Any CPU
		{8E3B6FA2-7E98-45F8-A585-BCA91CEB9FE8}.Release|x64.Build.0 = Release|Any CPU
		{8E3B6FA2-7E98-45F8-A585-BCA91CEB9FE8}.Release|x86.ActiveCfg = Release|Any CPU
		{0A6EA82E-D234-4CCB-B53D-0290B2A81954}.Debug|Any CPU.ActiveCfg = Debug|Any CPU
		{0A6EA82E-D234-4CCB-B53D-0290B2A81954}.Debug|Any CPU.Build.0 = Debug|Any CPU
		{0A6EA82E-D234-4CCB-B53D-0290B2A81954}.Debug|ARM.ActiveCfg = Debug|ARM
		{0A6EA82E-D234-4CCB-B53D-0290B2A81954}.Debug|ARM.Build.0 = Debug|ARM
		{0A6EA82E-D234-4CCB-B53D-0290B2A81954}.Debug|x64.ActiveCfg = Debug|x64
		{0A6EA82E-D234-4CCB-B53D-0290B2A81954}.Debug|x64.Build.0 = Debug|x64
		{0A6EA82E-D234-4CCB-B53D-0290B2A81954}.Debug|x86.ActiveCfg = Debug|x86
		{0A6EA82E-D234-4CCB-B53D-0290B2A81954}.Debug|x86.Build.0 = Debug|x86
		{0A6EA82E-D234-4CCB-B53D-0290B2A81954}.Release|Any CPU.ActiveCfg = Release|Any CPU
		{0A6EA82E-D234-4CCB-B53D-0290B2A81954}.Release|Any CPU.Build.0 = Release|Any CPU
		{0A6EA82E-D234-4CCB-B53D-0290B2A81954}.Release|ARM.ActiveCfg = Release|ARM
		{0A6EA82E-D234-4CCB-B53D-0290B2A81954}.Release|ARM.Build.0 = Release|ARM
		{0A6EA82E-D234-4CCB-B53D-0290B2A81954}.Release|x64.ActiveCfg = Release|x64
		{0A6EA82E-D234-4CCB-B53D-0290B2A81954}.Release|x64.Build.0 = Release|x64
		{0A6EA82E-D234-4CCB-B53D-0290B2A81954}.Release|x86.ActiveCfg = Release|x86
		{0A6EA82E-D234-4CCB-B53D-0290B2A81954}.Release|x86.Build.0 = Release|x86
		{A49D6ACA-2C6E-486B-8432-E3271EB8374C}.Debug|Any CPU.ActiveCfg = Debug|Any CPU
		{A49D6ACA-2C6E-486B-8432-E3271EB8374C}.Debug|Any CPU.Build.0 = Debug|Any CPU
		{A49D6ACA-2C6E-486B-8432-E3271EB8374C}.Debug|ARM.ActiveCfg = Debug|Any CPU
		{A49D6ACA-2C6E-486B-8432-E3271EB8374C}.Debug|ARM.Build.0 = Debug|Any CPU
		{A49D6ACA-2C6E-486B-8432-E3271EB8374C}.Debug|x64.ActiveCfg = Debug|Any CPU
		{A49D6ACA-2C6E-486B-8432-E3271EB8374C}.Debug|x64.Build.0 = Debug|Any CPU
		{A49D6ACA-2C6E-486B-8432-E3271EB8374C}.Debug|x86.ActiveCfg = Debug|Any CPU
		{A49D6ACA-2C6E-486B-8432-E3271EB8374C}.Debug|x86.Build.0 = Debug|Any CPU
		{A49D6ACA-2C6E-486B-8432-E3271EB8374C}.Release|Any CPU.ActiveCfg = Release|Any CPU
		{A49D6ACA-2C6E-486B-8432-E3271EB8374C}.Release|Any CPU.Build.0 = Release|Any CPU
		{A49D6ACA-2C6E-486B-8432-E3271EB8374C}.Release|ARM.ActiveCfg = Release|Any CPU
		{A49D6ACA-2C6E-486B-8432-E3271EB8374C}.Release|ARM.Build.0 = Release|Any CPU
		{A49D6ACA-2C6E-486B-8432-E3271EB8374C}.Release|x64.ActiveCfg = Release|Any CPU
		{A49D6ACA-2C6E-486B-8432-E3271EB8374C}.Release|x64.Build.0 = Release|Any CPU
		{A49D6ACA-2C6E-486B-8432-E3271EB8374C}.Release|x86.ActiveCfg = Release|Any CPU
		{A49D6ACA-2C6E-486B-8432-E3271EB8374C}.Release|x86.Build.0 = Release|Any CPU
		{4566BD32-0C9D-4F05-80AB-5958686968B7}.Debug|Any CPU.ActiveCfg = Debug|x86
		{4566BD32-0C9D-4F05-80AB-5958686968B7}.Debug|ARM.ActiveCfg = Debug|ARM
		{4566BD32-0C9D-4F05-80AB-5958686968B7}.Debug|ARM.Build.0 = Debug|ARM
		{4566BD32-0C9D-4F05-80AB-5958686968B7}.Debug|ARM.Deploy.0 = Debug|ARM
		{4566BD32-0C9D-4F05-80AB-5958686968B7}.Debug|x64.ActiveCfg = Debug|x64
		{4566BD32-0C9D-4F05-80AB-5958686968B7}.Debug|x64.Build.0 = Debug|x64
		{4566BD32-0C9D-4F05-80AB-5958686968B7}.Debug|x64.Deploy.0 = Debug|x64
		{4566BD32-0C9D-4F05-80AB-5958686968B7}.Debug|x86.ActiveCfg = Debug|x86
		{4566BD32-0C9D-4F05-80AB-5958686968B7}.Debug|x86.Build.0 = Debug|x86
		{4566BD32-0C9D-4F05-80AB-5958686968B7}.Debug|x86.Deploy.0 = Debug|x86
		{4566BD32-0C9D-4F05-80AB-5958686968B7}.Release|Any CPU.ActiveCfg = Release|x86
		{4566BD32-0C9D-4F05-80AB-5958686968B7}.Release|ARM.ActiveCfg = Release|ARM
		{4566BD32-0C9D-4F05-80AB-5958686968B7}.Release|ARM.Build.0 = Release|ARM
		{4566BD32-0C9D-4F05-80AB-5958686968B7}.Release|ARM.Deploy.0 = Release|ARM
		{4566BD32-0C9D-4F05-80AB-5958686968B7}.Release|x64.ActiveCfg = Release|x64
		{4566BD32-0C9D-4F05-80AB-5958686968B7}.Release|x64.Build.0 = Release|x64
		{4566BD32-0C9D-4F05-80AB-5958686968B7}.Release|x64.Deploy.0 = Release|x64
		{4566BD32-0C9D-4F05-80AB-5958686968B7}.Release|x86.ActiveCfg = Release|x86
		{4566BD32-0C9D-4F05-80AB-5958686968B7}.Release|x86.Build.0 = Release|x86
		{4566BD32-0C9D-4F05-80AB-5958686968B7}.Release|x86.Deploy.0 = Release|x86
		{25474C03-15E8-4039-AACA-21EB3D9AB06D}.Debug|Any CPU.ActiveCfg = Debug|Any CPU
		{25474C03-15E8-4039-AACA-21EB3D9AB06D}.Debug|Any CPU.Build.0 = Debug|Any CPU
		{25474C03-15E8-4039-AACA-21EB3D9AB06D}.Debug|ARM.ActiveCfg = Debug|Any CPU
		{25474C03-15E8-4039-AACA-21EB3D9AB06D}.Debug|ARM.Build.0 = Debug|Any CPU
		{25474C03-15E8-4039-AACA-21EB3D9AB06D}.Debug|x64.ActiveCfg = Debug|Any CPU
		{25474C03-15E8-4039-AACA-21EB3D9AB06D}.Debug|x64.Build.0 = Debug|Any CPU
		{25474C03-15E8-4039-AACA-21EB3D9AB06D}.Debug|x86.ActiveCfg = Debug|Any CPU
		{25474C03-15E8-4039-AACA-21EB3D9AB06D}.Debug|x86.Build.0 = Debug|Any CPU
		{25474C03-15E8-4039-AACA-21EB3D9AB06D}.Release|Any CPU.ActiveCfg = Release|Any CPU
		{25474C03-15E8-4039-AACA-21EB3D9AB06D}.Release|Any CPU.Build.0 = Release|Any CPU
		{25474C03-15E8-4039-AACA-21EB3D9AB06D}.Release|ARM.ActiveCfg = Release|Any CPU
		{25474C03-15E8-4039-AACA-21EB3D9AB06D}.Release|ARM.Build.0 = Release|Any CPU
		{25474C03-15E8-4039-AACA-21EB3D9AB06D}.Release|x64.ActiveCfg = Release|Any CPU
		{25474C03-15E8-4039-AACA-21EB3D9AB06D}.Release|x64.Build.0 = Release|Any CPU
		{25474C03-15E8-4039-AACA-21EB3D9AB06D}.Release|x86.ActiveCfg = Release|Any CPU
		{25474C03-15E8-4039-AACA-21EB3D9AB06D}.Release|x86.Build.0 = Release|Any CPU
		{76A11647-5548-4334-B038-15F251F749DD}.Debug|Any CPU.ActiveCfg = Debug|Any CPU
		{76A11647-5548-4334-B038-15F251F749DD}.Debug|Any CPU.Build.0 = Debug|Any CPU
		{76A11647-5548-4334-B038-15F251F749DD}.Debug|ARM.ActiveCfg = Debug|Any CPU
		{76A11647-5548-4334-B038-15F251F749DD}.Debug|ARM.Build.0 = Debug|Any CPU
		{76A11647-5548-4334-B038-15F251F749DD}.Debug|x64.ActiveCfg = Debug|Any CPU
		{76A11647-5548-4334-B038-15F251F749DD}.Debug|x64.Build.0 = Debug|Any CPU
		{76A11647-5548-4334-B038-15F251F749DD}.Debug|x86.ActiveCfg = Debug|Any CPU
		{76A11647-5548-4334-B038-15F251F749DD}.Debug|x86.Build.0 = Debug|Any CPU
		{76A11647-5548-4334-B038-15F251F749DD}.Release|Any CPU.ActiveCfg = Release|Any CPU
		{76A11647-5548-4334-B038-15F251F749DD}.Release|Any CPU.Build.0 = Release|Any CPU
		{76A11647-5548-4334-B038-15F251F749DD}.Release|ARM.ActiveCfg = Release|Any CPU
		{76A11647-5548-4334-B038-15F251F749DD}.Release|ARM.Build.0 = Release|Any CPU
		{76A11647-5548-4334-B038-15F251F749DD}.Release|x64.ActiveCfg = Release|Any CPU
		{76A11647-5548-4334-B038-15F251F749DD}.Release|x64.Build.0 = Release|Any CPU
		{76A11647-5548-4334-B038-15F251F749DD}.Release|x86.ActiveCfg = Release|Any CPU
		{76A11647-5548-4334-B038-15F251F749DD}.Release|x86.Build.0 = Release|Any CPU
		{091D470F-DFBE-4A5F-AF95-EBCE76137421}.Debug|Any CPU.ActiveCfg = Debug|Any CPU
		{091D470F-DFBE-4A5F-AF95-EBCE76137421}.Debug|Any CPU.Build.0 = Debug|Any CPU
		{091D470F-DFBE-4A5F-AF95-EBCE76137421}.Debug|ARM.ActiveCfg = Debug|Any CPU
		{091D470F-DFBE-4A5F-AF95-EBCE76137421}.Debug|ARM.Build.0 = Debug|Any CPU
		{091D470F-DFBE-4A5F-AF95-EBCE76137421}.Debug|x64.ActiveCfg = Debug|Any CPU
		{091D470F-DFBE-4A5F-AF95-EBCE76137421}.Debug|x64.Build.0 = Debug|Any CPU
		{091D470F-DFBE-4A5F-AF95-EBCE76137421}.Debug|x86.ActiveCfg = Debug|Any CPU
		{091D470F-DFBE-4A5F-AF95-EBCE76137421}.Debug|x86.Build.0 = Debug|Any CPU
		{091D470F-DFBE-4A5F-AF95-EBCE76137421}.Release|Any CPU.ActiveCfg = Release|Any CPU
		{091D470F-DFBE-4A5F-AF95-EBCE76137421}.Release|Any CPU.Build.0 = Release|Any CPU
		{091D470F-DFBE-4A5F-AF95-EBCE76137421}.Release|ARM.ActiveCfg = Release|Any CPU
		{091D470F-DFBE-4A5F-AF95-EBCE76137421}.Release|ARM.Build.0 = Release|Any CPU
		{091D470F-DFBE-4A5F-AF95-EBCE76137421}.Release|x64.ActiveCfg = Release|Any CPU
		{091D470F-DFBE-4A5F-AF95-EBCE76137421}.Release|x64.Build.0 = Release|Any CPU
		{091D470F-DFBE-4A5F-AF95-EBCE76137421}.Release|x86.ActiveCfg = Release|Any CPU
		{091D470F-DFBE-4A5F-AF95-EBCE76137421}.Release|x86.Build.0 = Release|Any CPU
	EndGlobalSection
	GlobalSection(SolutionProperties) = preSolution
		HideSolutionNode = FALSE
	EndGlobalSection
	GlobalSection(NestedProjects) = preSolution
		{DA547473-9DFD-405E-AAAD-50A3EB25E602} = {6F14265B-0D58-4FDC-86DA-1FD0082D7201}
		{2DEF81F7-CED9-4E24-9BC8-EE5E83C7AC7F} = {6F14265B-0D58-4FDC-86DA-1FD0082D7201}
		{587F8659-A68D-4AB3-B130-0A8B094DDA06} = {6F14265B-0D58-4FDC-86DA-1FD0082D7201}
		{8E3B6FA2-7E98-45F8-A585-BCA91CEB9FE8} = {6F14265B-0D58-4FDC-86DA-1FD0082D7201}
		{4566BD32-0C9D-4F05-80AB-5958686968B7} = {6F14265B-0D58-4FDC-86DA-1FD0082D7201}
		{25474C03-15E8-4039-AACA-21EB3D9AB06D} = {6F14265B-0D58-4FDC-86DA-1FD0082D7201}
	EndGlobalSection
EndGlobal
