
Microsoft Visual Studio Solution File, Format Version 12.00
# Visual Studio 2013
VisualStudioVersion = 12.0.30723.0
MinimumVisualStudioVersion = 10.0.40219.1
Project("{FAE04EC0-301F-11D3-BF4B-00C04F79EFBC}") = "XLog", "XLog\XLog.csproj", "{92855D98-B566-49D3-AD3F-5B751472A7B5}"
EndProject
Project("{FAE04EC0-301F-11D3-BF4B-00C04F79EFBC}") = "XLog.ConsoleApp", "XLog.Console\XLog.ConsoleApp.csproj", "{4C41451A-1D66-469A-AE1F-ACDA0E98F0F1}"
EndProject
Global
	GlobalSection(SolutionConfigurationPlatforms) = preSolution
		Debug|Any CPU = Debug|Any CPU
		Release|Any CPU = Release|Any CPU
	EndGlobalSection
	GlobalSection(ProjectConfigurationPlatforms) = postSolution
		{92855D98-B566-49D3-AD3F-5B751472A7B5}.Debug|Any CPU.ActiveCfg = Debug|Any CPU
		{92855D98-B566-49D3-AD3F-5B751472A7B5}.Debug|Any CPU.Build.0 = Debug|Any CPU
		{92855D98-B566-49D3-AD3F-5B751472A7B5}.Release|Any CPU.ActiveCfg = Release|Any CPU
		{92855D98-B566-49D3-AD3F-5B751472A7B5}.Release|Any CPU.Build.0 = Release|Any CPU
		{4C41451A-1D66-469A-AE1F-ACDA0E98F0F1}.Debug|Any CPU.ActiveCfg = Debug|Any CPU
		{4C41451A-1D66-469A-AE1F-ACDA0E98F0F1}.Debug|Any CPU.Build.0 = Debug|Any CPU
		{4C41451A-1D66-469A-AE1F-ACDA0E98F0F1}.Release|Any CPU.ActiveCfg = Release|Any CPU
		{4C41451A-1D66-469A-AE1F-ACDA0E98F0F1}.Release|Any CPU.Build.0 = Release|Any CPU
	EndGlobalSection
	GlobalSection(SolutionProperties) = preSolution
		HideSolutionNode = FALSE
	EndGlobalSection
EndGlobal
